
Microsoft Visual Studio Solution File, Format Version 12.00
# Visual Studio Version 17
VisualStudioVersion = 17.12.35527.113
MinimumVisualStudioVersion = 10.0.40219.1
Project("{FAE04EC0-301F-11D3-BF4B-00C04F79EFBC}") = "ApiForTravel", "ApiForTravel\ApiForTravel.csproj", "{1BFCF22F-7975-4CBF-8775-FAFD6C1D80ED}"
EndProject
Project("{FAE04EC0-301F-11D3-BF4B-00C04F79EFBC}") = "Tests", "Tests\Tests.csproj", "{9DF5B64E-67D1-43E7-83DF-AA437AA36207}"
EndProject
Global
	GlobalSection(SolutionConfigurationPlatforms) = preSolution
		Debug|Any CPU = Debug|Any CPU
		Release|Any CPU = Release|Any CPU
	EndGlobalSection
	GlobalSection(ProjectConfigurationPlatforms) = postSolution
		{1BFCF22F-7975-4CBF-8775-FAFD6C1D80ED}.Debug|Any CPU.ActiveCfg = Debug|Any CPU
		{1BFCF22F-7975-4CBF-8775-FAFD6C1D80ED}.Debug|Any CPU.Build.0 = Debug|Any CPU
		{1BFCF22F-7975-4CBF-8775-FAFD6C1D80ED}.Release|Any CPU.ActiveCfg = Release|Any CPU
		{1BFCF22F-7975-4CBF-8775-FAFD6C1D80ED}.Release|Any CPU.Build.0 = Release|Any CPU
		{9DF5B64E-67D1-43E7-83DF-AA437AA36207}.Debug|Any CPU.ActiveCfg = Debug|Any CPU
		{9DF5B64E-67D1-43E7-83DF-AA437AA36207}.Debug|Any CPU.Build.0 = Debug|Any CPU
		{9DF5B64E-67D1-43E7-83DF-AA437AA36207}.Release|Any CPU.ActiveCfg = Release|Any CPU
		{9DF5B64E-67D1-43E7-83DF-AA437AA36207}.Release|Any CPU.Build.0 = Release|Any CPU
	EndGlobalSection
	GlobalSection(SolutionProperties) = preSolution
		HideSolutionNode = FALSE
	EndGlobalSection
EndGlobal
